
Microsoft Visual Studio Solution File, Format Version 12.00
# Visual Studio 15
VisualStudioVersion = 15.0.28307.136
MinimumVisualStudioVersion = 10.0.40219.1
Project("{9A19103F-16F7-4668-BE54-9A1E7A4F7556}") = "BusinessRules", "BusinessRules\BusinessRules.csproj", "{0F09878E-6A66-4BA9-8D67-8FCCC857B4EB}"
EndProject
Project("{9A19103F-16F7-4668-BE54-9A1E7A4F7556}") = "Common", "Common\Common.csproj", "{464D2740-0FEA-4832-BAA5-CF94C013079C}"
EndProject
Project("{2150E333-8FDC-42A3-9474-1A3956D46DE8}") = "Tests", "Tests", "{2F6CFDA9-AF42-45E1-BD6D-33D30FE63996}"
EndProject
Project("{9A19103F-16F7-4668-BE54-9A1E7A4F7556}") = "BusinessRules.UnitTests", "BusinessRules.UnitTests\BusinessRules.UnitTests.csproj", "{E0402DCC-DDF3-420E-831D-95F1D55DF770}"
EndProject
Project("{9A19103F-16F7-4668-BE54-9A1E7A4F7556}") = "UseCases", "UseCases\UseCases.csproj", "{B2EC2F85-9575-4C7A-AAE0-E67D4EA699F9}"
EndProject
Project("{FAE04EC0-301F-11D3-BF4B-00C04F79EFBC}") = "UseCases.BehaviorTests", "UseCases.BehaviorTests\UseCases.BehaviorTests.csproj", "{D7D8D714-9C6A-49FB-AB20-43B4B9A58425}"
EndProject
Global
	GlobalSection(SolutionConfigurationPlatforms) = preSolution
		Debug|Any CPU = Debug|Any CPU
		Release|Any CPU = Release|Any CPU
	EndGlobalSection
	GlobalSection(ProjectConfigurationPlatforms) = postSolution
		{0F09878E-6A66-4BA9-8D67-8FCCC857B4EB}.Debug|Any CPU.ActiveCfg = Debug|Any CPU
		{0F09878E-6A66-4BA9-8D67-8FCCC857B4EB}.Debug|Any CPU.Build.0 = Debug|Any CPU
		{0F09878E-6A66-4BA9-8D67-8FCCC857B4EB}.Release|Any CPU.ActiveCfg = Release|Any CPU
		{0F09878E-6A66-4BA9-8D67-8FCCC857B4EB}.Release|Any CPU.Build.0 = Release|Any CPU
		{464D2740-0FEA-4832-BAA5-CF94C013079C}.Debug|Any CPU.ActiveCfg = Debug|Any CPU
		{464D2740-0FEA-4832-BAA5-CF94C013079C}.Debug|Any CPU.Build.0 = Debug|Any CPU
		{464D2740-0FEA-4832-BAA5-CF94C013079C}.Release|Any CPU.ActiveCfg = Release|Any CPU
		{464D2740-0FEA-4832-BAA5-CF94C013079C}.Release|Any CPU.Build.0 = Release|Any CPU
		{E0402DCC-DDF3-420E-831D-95F1D55DF770}.Debug|Any CPU.ActiveCfg = Debug|Any CPU
		{E0402DCC-DDF3-420E-831D-95F1D55DF770}.Debug|Any CPU.Build.0 = Debug|Any CPU
		{E0402DCC-DDF3-420E-831D-95F1D55DF770}.Release|Any CPU.ActiveCfg = Release|Any CPU
		{E0402DCC-DDF3-420E-831D-95F1D55DF770}.Release|Any CPU.Build.0 = Release|Any CPU
		{B2EC2F85-9575-4C7A-AAE0-E67D4EA699F9}.Debug|Any CPU.ActiveCfg = Debug|Any CPU
		{B2EC2F85-9575-4C7A-AAE0-E67D4EA699F9}.Debug|Any CPU.Build.0 = Debug|Any CPU
		{B2EC2F85-9575-4C7A-AAE0-E67D4EA699F9}.Release|Any CPU.ActiveCfg = Release|Any CPU
		{B2EC2F85-9575-4C7A-AAE0-E67D4EA699F9}.Release|Any CPU.Build.0 = Release|Any CPU
		{D7D8D714-9C6A-49FB-AB20-43B4B9A58425}.Debug|Any CPU.ActiveCfg = Debug|Any CPU
		{D7D8D714-9C6A-49FB-AB20-43B4B9A58425}.Debug|Any CPU.Build.0 = Debug|Any CPU
		{D7D8D714-9C6A-49FB-AB20-43B4B9A58425}.Release|Any CPU.ActiveCfg = Release|Any CPU
		{D7D8D714-9C6A-49FB-AB20-43B4B9A58425}.Release|Any CPU.Build.0 = Release|Any CPU
	EndGlobalSection
	GlobalSection(SolutionProperties) = preSolution
		HideSolutionNode = FALSE
	EndGlobalSection
	GlobalSection(NestedProjects) = preSolution
		{E0402DCC-DDF3-420E-831D-95F1D55DF770} = {2F6CFDA9-AF42-45E1-BD6D-33D30FE63996}
		{D7D8D714-9C6A-49FB-AB20-43B4B9A58425} = {2F6CFDA9-AF42-45E1-BD6D-33D30FE63996}
	EndGlobalSection
	GlobalSection(ExtensibilityGlobals) = postSolution
		SolutionGuid = {8DB1A3BE-12A7-4873-8866-55CF610CF858}
	EndGlobalSection
EndGlobal
