
Microsoft Visual Studio Solution File, Format Version 12.00
Project("{FAE04EC0-301F-11D3-BF4B-00C04F79EFBC}") = "BusinessRules", "BusinessRules\BusinessRules.csproj", "{0F09878E-6A66-4BA9-8D67-8FCCC857B4EB}"
EndProject
Project("{FAE04EC0-301F-11D3-BF4B-00C04F79EFBC}") = "Common", "Common\Common.csproj", "{464D2740-0FEA-4832-BAA5-CF94C013079C}"
EndProject
Project("{2150E333-8FDC-42A3-9474-1A3956D46DE8}") = "Tests", "Tests", "{2F6CFDA9-AF42-45E1-BD6D-33D30FE63996}"
EndProject
Project("{FAE04EC0-301F-11D3-BF4B-00C04F79EFBC}") = "BusinessRules.UnitTests", "BusinessRules.UnitTests\BusinessRules.UnitTests.csproj", "{E0402DCC-DDF3-420E-831D-95F1D55DF770}"
EndProject
Global
	GlobalSection(SolutionConfigurationPlatforms) = preSolution
		Debug|Any CPU = Debug|Any CPU
		Release|Any CPU = Release|Any CPU
	EndGlobalSection
	GlobalSection(ProjectConfigurationPlatforms) = postSolution
		{0F09878E-6A66-4BA9-8D67-8FCCC857B4EB}.Debug|Any CPU.ActiveCfg = Debug|Any CPU
		{0F09878E-6A66-4BA9-8D67-8FCCC857B4EB}.Debug|Any CPU.Build.0 = Debug|Any CPU
		{0F09878E-6A66-4BA9-8D67-8FCCC857B4EB}.Release|Any CPU.ActiveCfg = Release|Any CPU
		{0F09878E-6A66-4BA9-8D67-8FCCC857B4EB}.Release|Any CPU.Build.0 = Release|Any CPU
		{464D2740-0FEA-4832-BAA5-CF94C013079C}.Debug|Any CPU.ActiveCfg = Debug|Any CPU
		{464D2740-0FEA-4832-BAA5-CF94C013079C}.Debug|Any CPU.Build.0 = Debug|Any CPU
		{464D2740-0FEA-4832-BAA5-CF94C013079C}.Release|Any CPU.ActiveCfg = Release|Any CPU
		{464D2740-0FEA-4832-BAA5-CF94C013079C}.Release|Any CPU.Build.0 = Release|Any CPU
		{E0402DCC-DDF3-420E-831D-95F1D55DF770}.Debug|Any CPU.ActiveCfg = Debug|Any CPU
		{E0402DCC-DDF3-420E-831D-95F1D55DF770}.Debug|Any CPU.Build.0 = Debug|Any CPU
		{E0402DCC-DDF3-420E-831D-95F1D55DF770}.Release|Any CPU.ActiveCfg = Release|Any CPU
		{E0402DCC-DDF3-420E-831D-95F1D55DF770}.Release|Any CPU.Build.0 = Release|Any CPU
	EndGlobalSection
	GlobalSection(NestedProjects) = preSolution
		{E0402DCC-DDF3-420E-831D-95F1D55DF770} = {2F6CFDA9-AF42-45E1-BD6D-33D30FE63996}
	EndGlobalSection
EndGlobal
